
Microsoft Visual Studio Solution File, Format Version 12.00
# Visual Studio Version 17
VisualStudioVersion = 17.10.35013.160
MinimumVisualStudioVersion = 10.0.40219.1
Project("{FAE04EC0-301F-11D3-BF4B-00C04F79EFBC}") = "StudentPortal.Web", "StudentPortal.Web\StudentPortal.Web.csproj", "{6311777C-8EBA-4326-8E87-A9887604C9B9}"
EndProject
Global
	GlobalSection(SolutionConfigurationPlatforms) = preSolution
		Debug|Any CPU = Debug|Any CPU
		Release|Any CPU = Release|Any CPU
	EndGlobalSection
	GlobalSection(ProjectConfigurationPlatforms) = postSolution
		{6311777C-8EBA-4326-8E87-A9887604C9B9}.Debug|Any CPU.ActiveCfg = Debug|Any CPU
		{6311777C-8EBA-4326-8E87-A9887604C9B9}.Debug|Any CPU.Build.0 = Debug|Any CPU
		{6311777C-8EBA-4326-8E87-A9887604C9B9}.Release|Any CPU.ActiveCfg = Release|Any CPU
		{6311777C-8EBA-4326-8E87-A9887604C9B9}.Release|Any CPU.Build.0 = Release|Any CPU
	EndGlobalSection
	GlobalSection(SolutionProperties) = preSolution
		HideSolutionNode = FALSE
	EndGlobalSection
	GlobalSection(ExtensibilityGlobals) = postSolution
		SolutionGuid = {A5E6707C-187F-411C-8027-2BC9C08CF95E}
	EndGlobalSection
EndGlobal
